
Microsoft Visual Studio Solution File, Format Version 12.00
# Visual Studio 15
VisualStudioVersion = 15.0.28307.902
MinimumVisualStudioVersion = 10.0.40219.1
Project("{8BC9CEB8-8B4A-11D0-8D11-00A0C91BC942}") = "Busqueda", "Busqueda\Busqueda.vcxproj", "{C3C56A0B-A344-4EBC-BC75-3D8FA5BA6C5C}"
EndProject
Global
	GlobalSection(SolutionConfigurationPlatforms) = preSolution
		Debug|x64 = Debug|x64
		Debug|x86 = Debug|x86
		Release|x64 = Release|x64
		Release|x86 = Release|x86
	EndGlobalSection
	GlobalSection(ProjectConfigurationPlatforms) = postSolution
		{C3C56A0B-A344-4EBC-BC75-3D8FA5BA6C5C}.Debug|x64.ActiveCfg = Debug|x64
		{C3C56A0B-A344-4EBC-BC75-3D8FA5BA6C5C}.Debug|x64.Build.0 = Debug|x64
		{C3C56A0B-A344-4EBC-BC75-3D8FA5BA6C5C}.Debug|x86.ActiveCfg = Debug|Win32
		{C3C56A0B-A344-4EBC-BC75-3D8FA5BA6C5C}.Debug|x86.Build.0 = Debug|Win32
		{C3C56A0B-A344-4EBC-BC75-3D8FA5BA6C5C}.Release|x64.ActiveCfg = Release|x64
		{C3C56A0B-A344-4EBC-BC75-3D8FA5BA6C5C}.Release|x64.Build.0 = Release|x64
		{C3C56A0B-A344-4EBC-BC75-3D8FA5BA6C5C}.Release|x86.ActiveCfg = Release|Win32
		{C3C56A0B-A344-4EBC-BC75-3D8FA5BA6C5C}.Release|x86.Build.0 = Release|Win32
	EndGlobalSection
	GlobalSection(SolutionProperties) = preSolution
		HideSolutionNode = FALSE
	EndGlobalSection
	GlobalSection(ExtensibilityGlobals) = postSolution
		SolutionGuid = {92F33F60-57D3-484C-9A4D-5B7459D6B2D9}
	EndGlobalSection
EndGlobal
